
Microsoft Visual Studio Solution File, Format Version 12.00
# Visual Studio 2012
Project("{FAE04EC0-301F-11D3-BF4B-00C04F79EFBC}") = "ViewComposition", "ViewComposition\ViewComposition.csproj", "{DB263DFD-033A-446A-8B23-54CE047561DA}"
	ProjectSection(ProjectDependencies) = postProject
		{D44EFFC8-585B-4FEC-979B-3B3C7895D81A} = {D44EFFC8-585B-4FEC-979B-3B3C7895D81A}
	EndProjectSection
EndProject
Project("{2150E333-8FDC-42A3-9474-1A3956D46DE8}") = ".nuget", ".nuget", "{D4503A2A-1C29-4474-8BA7-605F6A993A40}"
	ProjectSection(SolutionItems) = preProject
		.nuget\NuGet.Config = .nuget\NuGet.Config
		.nuget\NuGet.exe = .nuget\NuGet.exe
		.nuget\NuGet.targets = .nuget\NuGet.targets
	EndProjectSection
EndProject
Project("{FAE04EC0-301F-11D3-BF4B-00C04F79EFBC}") = "ViewComposition.RavenDB", "ViewComposition.RavenDB\ViewComposition.RavenDB.csproj", "{D44EFFC8-585B-4FEC-979B-3B3C7895D81A}"
EndProject
Project("{FAE04EC0-301F-11D3-BF4B-00C04F79EFBC}") = "ViewComposition.Tests", "ViewComposition.Tests\ViewComposition.Tests.csproj", "{E5F41D01-2023-4FE5-89A7-9D53957090A2}"
EndProject
Global
	GlobalSection(SolutionConfigurationPlatforms) = preSolution
		Debug|Any CPU = Debug|Any CPU
		Release|Any CPU = Release|Any CPU
	EndGlobalSection
	GlobalSection(ProjectConfigurationPlatforms) = postSolution
		{DB263DFD-033A-446A-8B23-54CE047561DA}.Debug|Any CPU.ActiveCfg = Debug|Any CPU
		{DB263DFD-033A-446A-8B23-54CE047561DA}.Debug|Any CPU.Build.0 = Debug|Any CPU
		{DB263DFD-033A-446A-8B23-54CE047561DA}.Release|Any CPU.ActiveCfg = Release|Any CPU
		{DB263DFD-033A-446A-8B23-54CE047561DA}.Release|Any CPU.Build.0 = Release|Any CPU
		{D44EFFC8-585B-4FEC-979B-3B3C7895D81A}.Debug|Any CPU.ActiveCfg = Debug|Any CPU
		{D44EFFC8-585B-4FEC-979B-3B3C7895D81A}.Debug|Any CPU.Build.0 = Debug|Any CPU
		{D44EFFC8-585B-4FEC-979B-3B3C7895D81A}.Release|Any CPU.ActiveCfg = Release|Any CPU
		{D44EFFC8-585B-4FEC-979B-3B3C7895D81A}.Release|Any CPU.Build.0 = Release|Any CPU
		{E5F41D01-2023-4FE5-89A7-9D53957090A2}.Debug|Any CPU.ActiveCfg = Debug|Any CPU
		{E5F41D01-2023-4FE5-89A7-9D53957090A2}.Debug|Any CPU.Build.0 = Debug|Any CPU
		{E5F41D01-2023-4FE5-89A7-9D53957090A2}.Release|Any CPU.ActiveCfg = Release|Any CPU
		{E5F41D01-2023-4FE5-89A7-9D53957090A2}.Release|Any CPU.Build.0 = Release|Any CPU
	EndGlobalSection
	GlobalSection(SolutionProperties) = preSolution
		HideSolutionNode = FALSE
	EndGlobalSection
EndGlobal
